
Microsoft Visual Studio Solution File, Format Version 12.00
# Visual Studio 15
VisualStudioVersion = 15.0.28307.960
MinimumVisualStudioVersion = 10.0.40219.1
Project("{FAE04EC0-301F-11D3-BF4B-00C04F79EFBC}") = "Juego.Core.Web", "Juego.Core.Web\Juego.Core.Web.csproj", "{21778AAA-C879-4F9C-9D2B-54861BC72C32}"
EndProject
Project("{FAE04EC0-301F-11D3-BF4B-00C04F79EFBC}") = "Juego.Core.Negocio", "Juego.Core.Negocio\Juego.Core.Negocio.csproj", "{36C10FD2-7C96-4776-B38D-D9AEA6A9EA41}"
EndProject
Project("{FAE04EC0-301F-11D3-BF4B-00C04F79EFBC}") = "Juego.Core.Ahorcado", "Juego.Core.Ahorcado\Juego.Core.Ahorcado.csproj", "{1B2CB638-F9B8-48F0-A4F5-59E0997ACD1F}"
EndProject
Project("{FAE04EC0-301F-11D3-BF4B-00C04F79EFBC}") = "Juego.Core.BuscaMinas", "Juego.Core.BuscaMinas\Juego.Core.BuscaMinas.csproj", "{2989285C-4F92-493C-94D0-696205BF18C7}"
EndProject
Project("{FAE04EC0-301F-11D3-BF4B-00C04F79EFBC}") = "Juego.Core.Modelos", "Juego.Core.Modelos\Juego.Core.Modelos.csproj", "{DF07F492-95EC-444A-814B-501438224508}"
EndProject
Project("{FAE04EC0-301F-11D3-BF4B-00C04F79EFBC}") = "Juego.Api", "Juego.Api\Juego.Api.csproj", "{84B3F5BB-FA80-4A74-B4B4-D873C97FE332}"
EndProject
Global
	GlobalSection(SolutionConfigurationPlatforms) = preSolution
		Debug|Any CPU = Debug|Any CPU
		Release|Any CPU = Release|Any CPU
	EndGlobalSection
	GlobalSection(ProjectConfigurationPlatforms) = postSolution
		{21778AAA-C879-4F9C-9D2B-54861BC72C32}.Debug|Any CPU.ActiveCfg = Debug|Any CPU
		{21778AAA-C879-4F9C-9D2B-54861BC72C32}.Debug|Any CPU.Build.0 = Debug|Any CPU
		{21778AAA-C879-4F9C-9D2B-54861BC72C32}.Release|Any CPU.ActiveCfg = Release|Any CPU
		{21778AAA-C879-4F9C-9D2B-54861BC72C32}.Release|Any CPU.Build.0 = Release|Any CPU
		{36C10FD2-7C96-4776-B38D-D9AEA6A9EA41}.Debug|Any CPU.ActiveCfg = Debug|Any CPU
		{36C10FD2-7C96-4776-B38D-D9AEA6A9EA41}.Debug|Any CPU.Build.0 = Debug|Any CPU
		{36C10FD2-7C96-4776-B38D-D9AEA6A9EA41}.Release|Any CPU.ActiveCfg = Release|Any CPU
		{36C10FD2-7C96-4776-B38D-D9AEA6A9EA41}.Release|Any CPU.Build.0 = Release|Any CPU
		{1B2CB638-F9B8-48F0-A4F5-59E0997ACD1F}.Debug|Any CPU.ActiveCfg = Debug|Any CPU
		{1B2CB638-F9B8-48F0-A4F5-59E0997ACD1F}.Debug|Any CPU.Build.0 = Debug|Any CPU
		{1B2CB638-F9B8-48F0-A4F5-59E0997ACD1F}.Release|Any CPU.ActiveCfg = Release|Any CPU
		{1B2CB638-F9B8-48F0-A4F5-59E0997ACD1F}.Release|Any CPU.Build.0 = Release|Any CPU
		{2989285C-4F92-493C-94D0-696205BF18C7}.Debug|Any CPU.ActiveCfg = Debug|Any CPU
		{2989285C-4F92-493C-94D0-696205BF18C7}.Debug|Any CPU.Build.0 = Debug|Any CPU
		{2989285C-4F92-493C-94D0-696205BF18C7}.Release|Any CPU.ActiveCfg = Release|Any CPU
		{2989285C-4F92-493C-94D0-696205BF18C7}.Release|Any CPU.Build.0 = Release|Any CPU
		{DF07F492-95EC-444A-814B-501438224508}.Debug|Any CPU.ActiveCfg = Debug|Any CPU
		{DF07F492-95EC-444A-814B-501438224508}.Debug|Any CPU.Build.0 = Debug|Any CPU
		{DF07F492-95EC-444A-814B-501438224508}.Release|Any CPU.ActiveCfg = Release|Any CPU
		{DF07F492-95EC-444A-814B-501438224508}.Release|Any CPU.Build.0 = Release|Any CPU
		{84B3F5BB-FA80-4A74-B4B4-D873C97FE332}.Debug|Any CPU.ActiveCfg = Debug|Any CPU
		{84B3F5BB-FA80-4A74-B4B4-D873C97FE332}.Debug|Any CPU.Build.0 = Debug|Any CPU
		{84B3F5BB-FA80-4A74-B4B4-D873C97FE332}.Release|Any CPU.ActiveCfg = Release|Any CPU
		{84B3F5BB-FA80-4A74-B4B4-D873C97FE332}.Release|Any CPU.Build.0 = Release|Any CPU
	EndGlobalSection
	GlobalSection(SolutionProperties) = preSolution
		HideSolutionNode = FALSE
	EndGlobalSection
	GlobalSection(ExtensibilityGlobals) = postSolution
		SolutionGuid = {F94E4785-8B03-4B74-A661-1574CBD5C454}
	EndGlobalSection
EndGlobal
